
Microsoft Visual Studio Solution File, Format Version 12.00
# Visual Studio Version 17
VisualStudioVersion = 17.11.35312.102
MinimumVisualStudioVersion = 10.0.40219.1
Project("{9A19103F-16F7-4668-BE54-9A1E7A4F7556}") = "PruebaBSCI", "PruebaBSCI\PruebaBSCI.csproj", "{C290ECF9-DB13-4F97-B3BB-95471E1041E3}"
EndProject
Project("{FAE04EC0-301F-11D3-BF4B-00C04F79EFBC}") = "PruebaBSCITest", "PruebaBSCITest\PruebaBSCITest.csproj", "{5C93BC50-64CB-4A58-BB8A-F866D2626517}"
EndProject
Global
	GlobalSection(SolutionConfigurationPlatforms) = preSolution
		Debug|Any CPU = Debug|Any CPU
		Release|Any CPU = Release|Any CPU
	EndGlobalSection
	GlobalSection(ProjectConfigurationPlatforms) = postSolution
		{C290ECF9-DB13-4F97-B3BB-95471E1041E3}.Debug|Any CPU.ActiveCfg = Debug|Any CPU
		{C290ECF9-DB13-4F97-B3BB-95471E1041E3}.Debug|Any CPU.Build.0 = Debug|Any CPU
		{C290ECF9-DB13-4F97-B3BB-95471E1041E3}.Release|Any CPU.ActiveCfg = Release|Any CPU
		{C290ECF9-DB13-4F97-B3BB-95471E1041E3}.Release|Any CPU.Build.0 = Release|Any CPU
		{5C93BC50-64CB-4A58-BB8A-F866D2626517}.Debug|Any CPU.ActiveCfg = Debug|Any CPU
		{5C93BC50-64CB-4A58-BB8A-F866D2626517}.Debug|Any CPU.Build.0 = Debug|Any CPU
		{5C93BC50-64CB-4A58-BB8A-F866D2626517}.Release|Any CPU.ActiveCfg = Release|Any CPU
		{5C93BC50-64CB-4A58-BB8A-F866D2626517}.Release|Any CPU.Build.0 = Release|Any CPU
	EndGlobalSection
	GlobalSection(SolutionProperties) = preSolution
		HideSolutionNode = FALSE
	EndGlobalSection
	GlobalSection(ExtensibilityGlobals) = postSolution
		SolutionGuid = {F8CAD3B5-19C5-4646-A5D7-1F05EC96070B}
	EndGlobalSection
EndGlobal
